
Microsoft Visual Studio Solution File, Format Version 12.00
# Visual Studio Version 17
VisualStudioVersion = 17.14.36203.30 d17.14
MinimumVisualStudioVersion = 10.0.40219.1
Project("{8BC9CEB8-8B4A-11D0-8D11-00A0C91BC942}") = "ArgPatch", "ArgPatch\ArgPatch.vcxproj", "{469061DE-EC41-4E8D-A323-B0EA012C409B}"
EndProject
Global
	GlobalSection(SolutionConfigurationPlatforms) = preSolution
		Debug|x64 = Debug|x64
		Debug|x86 = Debug|x86
		Release|x64 = Release|x64
		Release|x86 = Release|x86
	EndGlobalSection
	GlobalSection(ProjectConfigurationPlatforms) = postSolution
		{469061DE-EC41-4E8D-A323-B0EA012C409B}.Debug|x64.ActiveCfg = Debug|x64
		{469061DE-EC41-4E8D-A323-B0EA012C409B}.Debug|x64.Build.0 = Debug|x64
		{469061DE-EC41-4E8D-A323-B0EA012C409B}.Debug|x86.ActiveCfg = Debug|Win32
		{469061DE-EC41-4E8D-A323-B0EA012C409B}.Debug|x86.Build.0 = Debug|Win32
		{469061DE-EC41-4E8D-A323-B0EA012C409B}.Release|x64.ActiveCfg = Release|x64
		{469061DE-EC41-4E8D-A323-B0EA012C409B}.Release|x64.Build.0 = Release|x64
		{469061DE-EC41-4E8D-A323-B0EA012C409B}.Release|x86.ActiveCfg = Release|Win32
		{469061DE-EC41-4E8D-A323-B0EA012C409B}.Release|x86.Build.0 = Release|Win32
	EndGlobalSection
	GlobalSection(SolutionProperties) = preSolution
		HideSolutionNode = FALSE
	EndGlobalSection
	GlobalSection(ExtensibilityGlobals) = postSolution
		SolutionGuid = {293CC8A0-08C6-4E32-A984-6ED9E413DF1E}
	EndGlobalSection
EndGlobal
